
Microsoft Visual Studio Solution File, Format Version 12.00
# Visual Studio Version 17
VisualStudioVersion = 17.5.33502.453
MinimumVisualStudioVersion = 10.0.40219.1
Project("{FAE04EC0-301F-11D3-BF4B-00C04F79EFBC}") = "ConceitosBasicosCSharp", "ConceitosBasicosCSharp\ConceitosBasicosCSharp.csproj", "{58FF84DB-D6B7-4310-8880-26EE4A0F88E9}"
EndProject
Global
	GlobalSection(SolutionConfigurationPlatforms) = preSolution
		Debug|Any CPU = Debug|Any CPU
		Release|Any CPU = Release|Any CPU
	EndGlobalSection
	GlobalSection(ProjectConfigurationPlatforms) = postSolution
		{58FF84DB-D6B7-4310-8880-26EE4A0F88E9}.Debug|Any CPU.ActiveCfg = Debug|Any CPU
		{58FF84DB-D6B7-4310-8880-26EE4A0F88E9}.Debug|Any CPU.Build.0 = Debug|Any CPU
		{58FF84DB-D6B7-4310-8880-26EE4A0F88E9}.Release|Any CPU.ActiveCfg = Release|Any CPU
		{58FF84DB-D6B7-4310-8880-26EE4A0F88E9}.Release|Any CPU.Build.0 = Release|Any CPU
	EndGlobalSection
	GlobalSection(SolutionProperties) = preSolution
		HideSolutionNode = FALSE
	EndGlobalSection
	GlobalSection(ExtensibilityGlobals) = postSolution
		SolutionGuid = {282D25D8-88F7-4A7D-B51D-1E94CF23DC32}
	EndGlobalSection
EndGlobal
